
Microsoft Visual Studio Solution File, Format Version 12.00
# Visual Studio Version 17
VisualStudioVersion = 17.1.32328.378
MinimumVisualStudioVersion = 10.0.40219.1
Project("{FAE04EC0-301F-11D3-BF4B-00C04F79EFBC}") = "DuelWebPageCommunication", "DuelWebPageCommunication\DuelWebPageCommunication.csproj", "{532047E3-97C0-4DED-B94B-5E7DEB31ACC9}"
EndProject
Global
	GlobalSection(SolutionConfigurationPlatforms) = preSolution
		Debug|Any CPU = Debug|Any CPU
		Release|Any CPU = Release|Any CPU
	EndGlobalSection
	GlobalSection(ProjectConfigurationPlatforms) = postSolution
		{532047E3-97C0-4DED-B94B-5E7DEB31ACC9}.Debug|Any CPU.ActiveCfg = Debug|Any CPU
		{532047E3-97C0-4DED-B94B-5E7DEB31ACC9}.Debug|Any CPU.Build.0 = Debug|Any CPU
		{532047E3-97C0-4DED-B94B-5E7DEB31ACC9}.Release|Any CPU.ActiveCfg = Release|Any CPU
		{532047E3-97C0-4DED-B94B-5E7DEB31ACC9}.Release|Any CPU.Build.0 = Release|Any CPU
	EndGlobalSection
	GlobalSection(SolutionProperties) = preSolution
		HideSolutionNode = FALSE
	EndGlobalSection
	GlobalSection(ExtensibilityGlobals) = postSolution
		SolutionGuid = {C309F416-6ED1-44EF-8DE9-8F8353AF7214}
	EndGlobalSection
EndGlobal
